{
  "name": "rspack-yuku-loader",
  "version": "0.1.0",
  "lockfileVersion": 3,
  "requires": true,
  "packages": {
    "": {
      "name": "rspack-yuku-loader",
      "version": "0.1.0",
      "license": "MIT",
      "dependencies": {
        "yuku-codegen": "^0.5.38",
        "yuku-parser": "^0.5.38"
      },
      "devDependencies": {
        "@rspack/core": "^2.0.8",
        "@types/node": "^20.19.0",
        "typescript": "^6.0.0"
      },
      "engines": {
        "node": ">=20.19.0"
      },
      "peerDependencies": {
        "@rspack/core": ">=1.0.0 || >=2.0.0"
      },
      "peerDependenciesMeta": {
        "@rspack/core": {
          "optional": true
        }
      }
    },
    "node_modules/@emnapi/core": {
      "version": "1.10.0",
      "resolved": "https://registry.npmjs.org/@emnapi/core/-/core-1.10.0.tgz",
      "integrity": "sha512-yq6OkJ4p82CAfPl0u9mQebQHKPJkY7WrIuk205cTYnYe+k2Z8YBh11FrbRG/H6ihirqcacOgl2BIO8oyMQLeXw==",
      "dev": true,
      "license": "MIT",
      "optional": true,
      "dependencies": {
        "@emnapi/wasi-threads": "1.2.1",
        "tslib": "^2.4.0"
      }
    },
    "node_modules/@emnapi/runtime": {
      "version": "1.10.0",
      "resolved": "https://registry.npmjs.org/@emnapi/runtime/-/runtime-1.10.0.tgz",
      "integrity": "sha512-ewvYlk86xUoGI0zQRNq/mC+16R1QeDlKQy21Ki3oSYXNgLb45GV1P6A0M+/s6nyCuNDqe5VpaY84BzXGwVbwFA==",
      "dev": true,
      "license": "MIT",
      "optional": true,
      "dependencies": {
        "tslib": "^2.4.0"
      }
    },
    "node_modules/@emnapi/wasi-threads": {
      "version": "1.2.1",
      "resolved": "https://registry.npmjs.org/@emnapi/wasi-threads/-/wasi-threads-1.2.1.tgz",
      "integrity": "sha512-uTII7OYF+/Mes/MrcIOYp5yOtSMLBWSIoLPpcgwipoiKbli6k322tcoFsxoIIxPDqW01SQGAgko4EzZi2BNv2w==",
      "dev": true,
      "license": "MIT",
      "optional": true,
      "dependencies": {
        "tslib": "^2.4.0"
      }
    },
    "node_modules/@napi-rs/wasm-runtime": {
      "version": "1.1.4",
      "resolved": "https://registry.npmjs.org/@napi-rs/wasm-runtime/-/wasm-runtime-1.1.4.tgz",
      "integrity": "sha512-3NQNNgA1YSlJb/kMH1ildASP9HW7/7kYnRI2szWJaofaS1hWmbGI4H+d3+22aGzXXN9IJ+n+GiFVcGipJP18ow==",
      "dev": true,
      "license": "MIT",
      "optional": true,
      "dependencies": {
        "@tybys/wasm-util": "^0.10.1"
      },
      "funding": {
        "type": "github",
        "url": "https://github.com/sponsors/Brooooooklyn"
      },
      "peerDependencies": {
        "@emnapi/core": "^1.7.1",
        "@emnapi/runtime": "^1.7.1"
      }
    },
    "node_modules/@rspack/binding": {
      "version": "2.0.8",
      "resolved": "https://registry.npmjs.org/@rspack/binding/-/binding-2.0.8.tgz",
      "integrity": "sha512-3uZ+y8aQxq33ty2srMxg2Nu0XuBI6vVrG50rkDaXqwWqOohfgGUSfFuQK7EnSUNy4aFUQlCG6NHialQHJov0wg==",
      "dev": true,
      "license": "MIT",
      "optionalDependencies": {
        "@rspack/binding-darwin-arm64": "2.0.8",
        "@rspack/binding-darwin-x64": "2.0.8",
        "@rspack/binding-linux-arm64-gnu": "2.0.8",
        "@rspack/binding-linux-arm64-musl": "2.0.8",
        "@rspack/binding-linux-x64-gnu": "2.0.8",
        "@rspack/binding-linux-x64-musl": "2.0.8",
        "@rspack/binding-wasm32-wasi": "2.0.8",
        "@rspack/binding-win32-arm64-msvc": "2.0.8",
        "@rspack/binding-win32-ia32-msvc": "2.0.8",
        "@rspack/binding-win32-x64-msvc": "2.0.8"
      }
    },
    "node_modules/@rspack/binding-darwin-arm64": {
      "version": "2.0.8",
      "resolved": "https://registry.npmjs.org/@rspack/binding-darwin-arm64/-/binding-darwin-arm64-2.0.8.tgz",
      "integrity": "sha512-vCgbgH7B7qom+uID+RCZsTCOYFb9wC4/4+1U6rMfytrXGVJ72eNQs2tbdjOl0lb18CT3N/n+VkWynUiLk84GwA==",
      "cpu": [
        "arm64"
      ],
      "dev": true,
      "license": "MIT",
      "optional": true,
      "os": [
        "darwin"
      ]
    },
    "node_modules/@rspack/binding-darwin-x64": {
      "version": "2.0.8",
      "resolved": "https://registry.npmjs.org/@rspack/binding-darwin-x64/-/binding-darwin-x64-2.0.8.tgz",
      "integrity": "sha512-satPm2PD4B7jDTVlVAdvMVdUszwLvWUEnUDzLb77mvVkezKNDZmuhb+e8s+FfKs8hJpNbZ9VAejuA2rr8o985w==",
      "cpu": [
        "x64"
      ],
      "dev": true,
      "license": "MIT",
      "optional": true,
      "os": [
        "darwin"
      ]
    },
    "node_modules/@rspack/binding-linux-arm64-gnu": {
      "version": "2.0.8",
      "resolved": "https://registry.npmjs.org/@rspack/binding-linux-arm64-gnu/-/binding-linux-arm64-gnu-2.0.8.tgz",
      "integrity": "sha512-pSI+npPQE/uDtiboqvcOIRJbEV2+B+H1xffmko/gw50la92oTUW60kVULFwsb6L0+GVCzIcwX3yq60GtYIn+Ug==",
      "cpu": [
        "arm64"
      ],
      "dev": true,
      "libc": [
        "glibc"
      ],
      "license": "MIT",
      "optional": true,
      "os": [
        "linux"
      ]
    },
    "node_modules/@rspack/binding-linux-arm64-musl": {
      "version": "2.0.8",
      "resolved": "https://registry.npmjs.org/@rspack/binding-linux-arm64-musl/-/binding-linux-arm64-musl-2.0.8.tgz",
      "integrity": "sha512-igjJ43yxWQ72GZqjDDZSSHax9/Vg+6rLMmOvFglTJUkQpB4Tyvu/YjW+WRjYj2xRw6blOjLxUSJWASvuSqqlvg==",
      "cpu": [
        "arm64"
      ],
      "dev": true,
      "libc": [
        "musl"
      ],
      "license": "MIT",
      "optional": true,
      "os": [
        "linux"
      ]
    },
    "node_modules/@rspack/binding-linux-x64-gnu": {
      "version": "2.0.8",
      "resolved": "https://registry.npmjs.org/@rspack/binding-linux-x64-gnu/-/binding-linux-x64-gnu-2.0.8.tgz",
      "integrity": "sha512-zrkoEOnqj1hOEBO5T2I/2Ts2HSJsYFh1qXwMpK4dMJFGGNWDfNeUa6/LF5uq3VINF3JUl7RL47AgrucoSZJXPA==",
      "cpu": [
        "x64"
      ],
      "dev": true,
      "libc": [
        "glibc"
      ],
      "license": "MIT",
      "optional": true,
      "os": [
        "linux"
      ]
    },
    "node_modules/@rspack/binding-linux-x64-musl": {
      "version": "2.0.8",
      "resolved": "https://registry.npmjs.org/@rspack/binding-linux-x64-musl/-/binding-linux-x64-musl-2.0.8.tgz",
      "integrity": "sha512-6CtDaGZjNDvJd9TBp7a9zABbrPORO21W96+3ZcGBn0YNUPUk4ARxIxrTTpeJ/1F41QDM8AYIkGDdqEYMqTYBsA==",
      "cpu": [
        "x64"
      ],
      "dev": true,
      "libc": [
        "musl"
      ],
      "license": "MIT",
      "optional": true,
      "os": [
        "linux"
      ]
    },
    "node_modules/@rspack/binding-wasm32-wasi": {
      "version": "2.0.8",
      "resolved": "https://registry.npmjs.org/@rspack/binding-wasm32-wasi/-/binding-wasm32-wasi-2.0.8.tgz",
      "integrity": "sha512-Yf4SiqTUroT5Ju+te0YAY2xxKOb35tECsO21v7hYyGa705wrgoAK/MmF7enOvs9GR1iZIqgiLD/wxsIxl8GjJw==",
      "cpu": [
        "wasm32"
      ],
      "dev": true,
      "license": "MIT",
      "optional": true,
      "dependencies": {
        "@emnapi/core": "1.10.0",
        "@emnapi/runtime": "1.10.0",
        "@napi-rs/wasm-runtime": "1.1.4"
      }
    },
    "node_modules/@rspack/binding-win32-arm64-msvc": {
      "version": "2.0.8",
      "resolved": "https://registry.npmjs.org/@rspack/binding-win32-arm64-msvc/-/binding-win32-arm64-msvc-2.0.8.tgz",
      "integrity": "sha512-8NCuiQsAhXrwRBy57QZoypqrws/zLBkaQVGiB8hksr6v++8hNigNjqpQARLbd0iyMuHsQQ++8+auGk6xlDXmzw==",
      "cpu": [
        "arm64"
      ],
      "dev": true,
      "license": "MIT",
      "optional": true,
      "os": [
        "win32"
      ]
    },
    "node_modules/@rspack/binding-win32-ia32-msvc": {
      "version": "2.0.8",
      "resolved": "https://registry.npmjs.org/@rspack/binding-win32-ia32-msvc/-/binding-win32-ia32-msvc-2.0.8.tgz",
      "integrity": "sha512-bxiekytbX7V9KFAra+HkwtNWC6pYfHEBBZFpiT0xUs3mCFOmAAFVBsBSQsoCP9AdCEXoMAvNdnrHNw3iov4OZw==",
      "cpu": [
        "ia32"
      ],
      "dev": true,
      "license": "MIT",
      "optional": true,
      "os": [
        "win32"
      ]
    },
    "node_modules/@rspack/binding-win32-x64-msvc": {
      "version": "2.0.8",
      "resolved": "https://registry.npmjs.org/@rspack/binding-win32-x64-msvc/-/binding-win32-x64-msvc-2.0.8.tgz",
      "integrity": "sha512-7zPs8YCe/ZVJTwd+5lpB0CP0tkn2pONf/T1ycmVY76u21Nrwt8mXQGc/2yH2eWP4B7fikYBr3hGr7mpR2fajqQ==",
      "cpu": [
        "x64"
      ],
      "dev": true,
      "license": "MIT",
      "optional": true,
      "os": [
        "win32"
      ]
    },
    "node_modules/@rspack/core": {
      "version": "2.0.8",
      "resolved": "https://registry.npmjs.org/@rspack/core/-/core-2.0.8.tgz",
      "integrity": "sha512-+NLGJf8gZxihDmMFzjlly3toc2SMjeDmuvz0/Cai9AMdV4F+Pqcnt2BA9V4e3SY2jmhJQtPwgyyLtR1RiJO77g==",
      "dev": true,
      "license": "MIT",
      "dependencies": {
        "@rspack/binding": "2.0.8"
      },
      "engines": {
        "node": "^20.19.0 || >=22.12.0"
      },
      "peerDependencies": {
        "@module-federation/runtime-tools": "^0.24.1 || ^2.0.0",
        "@swc/helpers": "^0.5.23"
      },
      "peerDependenciesMeta": {
        "@module-federation/runtime-tools": {
          "optional": true
        },
        "@swc/helpers": {
          "optional": true
        }
      }
    },
    "node_modules/@tybys/wasm-util": {
      "version": "0.10.2",
      "resolved": "https://registry.npmjs.org/@tybys/wasm-util/-/wasm-util-0.10.2.tgz",
      "integrity": "sha512-RoBvJ2X0wuKlWFIjrwffGw1IqZHKQqzIchKaadZZfnNpsAYp2mM0h36JtPCjNDAHGgYez/15uMBpfGwchhiMgg==",
      "dev": true,
      "license": "MIT",
      "optional": true,
      "dependencies": {
        "tslib": "^2.4.0"
      }
    },
    "node_modules/@types/node": {
      "version": "20.19.43",
      "resolved": "https://registry.npmjs.org/@types/node/-/node-20.19.43.tgz",
      "integrity": "sha512-6oYBAi5ikg4Pl+kGsoYtawUMBT2zZMCvPNF7pVLnHZfd1zf38DRiWn/gT01RYCdUqkv7Fhr+C9ot4/tb+2sVvA==",
      "dev": true,
      "license": "MIT",
      "dependencies": {
        "undici-types": "~6.21.0"
      }
    },
    "node_modules/@yuku-codegen/binding-darwin-arm64": {
      "version": "0.5.38",
      "resolved": "https://registry.npmjs.org/@yuku-codegen/binding-darwin-arm64/-/binding-darwin-arm64-0.5.38.tgz",
      "integrity": "sha512-2nOLgv6h5pDda+Ykqg2N+tcm+lYEdSIoStVxpUV2IlbNWSg7/q2iCtEl0qWo42o9H6Oivk6c6BftDJdZNsMIbg==",
      "cpu": [
        "arm64"
      ],
      "optional": true,
      "os": [
        "darwin"
      ]
    },
    "node_modules/@yuku-codegen/binding-darwin-x64": {
      "version": "0.5.38",
      "resolved": "https://registry.npmjs.org/@yuku-codegen/binding-darwin-x64/-/binding-darwin-x64-0.5.38.tgz",
      "integrity": "sha512-P1gUksBlW+q7MmOoLKwEkBcJ7sxlO8e4C00dWvuTFrrygTJZJfalN8WZ0DOrjkV06DLy4FIBn7FXdDy+yPbeaw==",
      "cpu": [
        "x64"
      ],
      "optional": true,
      "os": [
        "darwin"
      ]
    },
    "node_modules/@yuku-codegen/binding-freebsd-x64": {
      "version": "0.5.38",
      "resolved": "https://registry.npmjs.org/@yuku-codegen/binding-freebsd-x64/-/binding-freebsd-x64-0.5.38.tgz",
      "integrity": "sha512-jsF0g3FYkzeuGijBfTWuPVQo6xMjCWPrQihNjNJdrhObPeMFRW/jCcPsjre20aZBLF5gbzRH9BFaEiGJtXvo0Q==",
      "cpu": [
        "x64"
      ],
      "optional": true,
      "os": [
        "freebsd"
      ]
    },
    "node_modules/@yuku-codegen/binding-linux-arm-gnu": {
      "version": "0.5.38",
      "resolved": "https://registry.npmjs.org/@yuku-codegen/binding-linux-arm-gnu/-/binding-linux-arm-gnu-0.5.38.tgz",
      "integrity": "sha512-h5jGyr8fQ+zwmf3VzwyS+ltHfzm7iYXzkAy5TWOTT1x5GHGH5tVTBljPAmc/o+T19uj42aQgL5z3pzcMJ9g+MQ==",
      "cpu": [
        "arm"
      ],
      "libc": [
        "glibc"
      ],
      "optional": true,
      "os": [
        "linux"
      ]
    },
    "node_modules/@yuku-codegen/binding-linux-arm-musl": {
      "version": "0.5.38",
      "resolved": "https://registry.npmjs.org/@yuku-codegen/binding-linux-arm-musl/-/binding-linux-arm-musl-0.5.38.tgz",
      "integrity": "sha512-7w5OxDdSBantw40nFOa/5lejp3IPoAgAg3u3uTW95ipL9/cCHSyq8cKtPxSGr+8LHVx0fCO4a2tEB8SFLy8PXQ==",
      "cpu": [
        "arm"
      ],
      "libc": [
        "musl"
      ],
      "optional": true,
      "os": [
        "linux"
      ]
    },
    "node_modules/@yuku-codegen/binding-linux-arm64-gnu": {
      "version": "0.5.38",
      "resolved": "https://registry.npmjs.org/@yuku-codegen/binding-linux-arm64-gnu/-/binding-linux-arm64-gnu-0.5.38.tgz",
      "integrity": "sha512-ZW4WJm4ygtzMv0VWwVvDa2TbkOAywggb6FGD+ZSYUNafGflMhlDvOsRTnNzlEsFqw3uU3RLEU795Ql0o2xrTxA==",
      "cpu": [
        "arm64"
      ],
      "libc": [
        "glibc"
      ],
      "optional": true,
      "os": [
        "linux"
      ]
    },
    "node_modules/@yuku-codegen/binding-linux-arm64-musl": {
      "version": "0.5.38",
      "resolved": "https://registry.npmjs.org/@yuku-codegen/binding-linux-arm64-musl/-/binding-linux-arm64-musl-0.5.38.tgz",
      "integrity": "sha512-jlZRCKfElmGMFNUweknPdGiqukSi9N4XiS10jJ/ROFg8ND6fk9NOI2r+pr6qN0U2GAkfu2mgT7RFSHHtgtLCIg==",
      "cpu": [
        "arm64"
      ],
      "libc": [
        "musl"
      ],
      "optional": true,
      "os": [
        "linux"
      ]
    },
    "node_modules/@yuku-codegen/binding-linux-x64-gnu": {
      "version": "0.5.38",
      "resolved": "https://registry.npmjs.org/@yuku-codegen/binding-linux-x64-gnu/-/binding-linux-x64-gnu-0.5.38.tgz",
      "integrity": "sha512-RxrCajqnaeJqNzs9RM8Jze/RSk2PQFDRBEkxUovpJPNhiDj5Q4JbBz5ruZBmi7bgwHliFohhqzdReyovRLsvEg==",
      "cpu": [
        "x64"
      ],
      "libc": [
        "glibc"
      ],
      "optional": true,
      "os": [
        "linux"
      ]
    },
    "node_modules/@yuku-codegen/binding-linux-x64-musl": {
      "version": "0.5.38",
      "resolved": "https://registry.npmjs.org/@yuku-codegen/binding-linux-x64-musl/-/binding-linux-x64-musl-0.5.38.tgz",
      "integrity": "sha512-QzUiOPUICxzM46Au7f2T0rUE7b+gxuDyOETL1Iz8o0JKYLjt04m6dqpo9Ln2tF4jN8RW7flolzDN7gdVQXGQsw==",
      "cpu": [
        "x64"
      ],
      "libc": [
        "musl"
      ],
      "optional": true,
      "os": [
        "linux"
      ]
    },
    "node_modules/@yuku-codegen/binding-win32-arm64": {
      "version": "0.5.38",
      "resolved": "https://registry.npmjs.org/@yuku-codegen/binding-win32-arm64/-/binding-win32-arm64-0.5.38.tgz",
      "integrity": "sha512-NknjHAtzzJKawpMzmJ/XVi/BNk6rGs00GWCBclQUk8XNN0fJ/1urZ8iCibBZwlUjd6Z77GOYsovNU4a/Rh8nBQ==",
      "cpu": [
        "arm64"
      ],
      "optional": true,
      "os": [
        "win32"
      ]
    },
    "node_modules/@yuku-codegen/binding-win32-x64": {
      "version": "0.5.38",
      "resolved": "https://registry.npmjs.org/@yuku-codegen/binding-win32-x64/-/binding-win32-x64-0.5.38.tgz",
      "integrity": "sha512-OFRc/vNo/3nsX0ARyxpwZPsVzbDA71YyCMhKYqnyeD5OZek0O88PAjtYCg8YrmIuNGLWYE0fvMpsZe51AjePTg==",
      "cpu": [
        "x64"
      ],
      "optional": true,
      "os": [
        "win32"
      ]
    },
    "node_modules/@yuku-parser/binding-darwin-arm64": {
      "version": "0.5.38",
      "resolved": "https://registry.npmjs.org/@yuku-parser/binding-darwin-arm64/-/binding-darwin-arm64-0.5.38.tgz",
      "integrity": "sha512-Y6hexHekLYsOyPXJwYmLUhbwawYrHx4YfFNB72vyej/CkMtG0RLHpzJKTqAwn6JTR2zdvLx6sV8gx47dAmjWNg==",
      "cpu": [
        "arm64"
      ],
      "optional": true,
      "os": [
        "darwin"
      ]
    },
    "node_modules/@yuku-parser/binding-darwin-x64": {
      "version": "0.5.38",
      "resolved": "https://registry.npmjs.org/@yuku-parser/binding-darwin-x64/-/binding-darwin-x64-0.5.38.tgz",
      "integrity": "sha512-/Y/GOsBUwLgcHdxzDZ6JoO4iH2NK94wDileNz8h1hPyUEAYPUo6x3+4JXMT7MHJRyoPuHIrQ/p2JZmPdDtjguQ==",
      "cpu": [
        "x64"
      ],
      "optional": true,
      "os": [
        "darwin"
      ]
    },
    "node_modules/@yuku-parser/binding-freebsd-x64": {
      "version": "0.5.38",
      "resolved": "https://registry.npmjs.org/@yuku-parser/binding-freebsd-x64/-/binding-freebsd-x64-0.5.38.tgz",
      "integrity": "sha512-OLUvZAx1g+nDg0cPk/QEkOdc6d49DLCkEhsGjqyd3uit69CngK9Fs8154pOZc/3Y2QAy4jQAs8HnnediyIc5Bw==",
      "cpu": [
        "x64"
      ],
      "optional": true,
      "os": [
        "freebsd"
      ]
    },
    "node_modules/@yuku-parser/binding-linux-arm-gnu": {
      "version": "0.5.38",
      "resolved": "https://registry.npmjs.org/@yuku-parser/binding-linux-arm-gnu/-/binding-linux-arm-gnu-0.5.38.tgz",
      "integrity": "sha512-LcyGYaBuBm1VYKH0qURqKRcMkW0/PaZdfFdTyHaStLNJzYrHzJLBE/wI5dm2q6NEc56NMnFMSrRzw/BUXv4V0g==",
      "cpu": [
        "arm"
      ],
      "libc": [
        "glibc"
      ],
      "optional": true,
      "os": [
        "linux"
      ]
    },
    "node_modules/@yuku-parser/binding-linux-arm-musl": {
      "version": "0.5.38",
      "resolved": "https://registry.npmjs.org/@yuku-parser/binding-linux-arm-musl/-/binding-linux-arm-musl-0.5.38.tgz",
      "integrity": "sha512-d6fd0z96mmq85rm1w8+AUURQoW/R7JxNXx61oWusVAC+JdJmK6KUty5r1hTXiLGRAzdkZXeG3ZlnqlzjvC0wnQ==",
      "cpu": [
        "arm"
      ],
      "libc": [
        "musl"
      ],
      "optional": true,
      "os": [
        "linux"
      ]
    },
    "node_modules/@yuku-parser/binding-linux-arm64-gnu": {
      "version": "0.5.38",
      "resolved": "https://registry.npmjs.org/@yuku-parser/binding-linux-arm64-gnu/-/binding-linux-arm64-gnu-0.5.38.tgz",
      "integrity": "sha512-fz9emPmTQsupJR0H5s/oMHf9JrIMo6qaNXVR9ljY9PFICW0+FD7TMdAwoIN7pK/vZ3AgOKWMZcDjjpoA6qaEZQ==",
      "cpu": [
        "arm64"
      ],
      "libc": [
        "glibc"
      ],
      "optional": true,
      "os": [
        "linux"
      ]
    },
    "node_modules/@yuku-parser/binding-linux-arm64-musl": {
      "version": "0.5.38",
      "resolved": "https://registry.npmjs.org/@yuku-parser/binding-linux-arm64-musl/-/binding-linux-arm64-musl-0.5.38.tgz",
      "integrity": "sha512-jvFgjPgoUo9kOebQD4mZUyQ2xMrsuOcTuzJ2rWLApqUTpnrOoVwWyL1MKNw3CdkZUh0h/nMoIPQmQXObmSRxNw==",
      "cpu": [
        "arm64"
      ],
      "libc": [
        "musl"
      ],
      "optional": true,
      "os": [
        "linux"
      ]
    },
    "node_modules/@yuku-parser/binding-linux-x64-gnu": {
      "version": "0.5.38",
      "resolved": "https://registry.npmjs.org/@yuku-parser/binding-linux-x64-gnu/-/binding-linux-x64-gnu-0.5.38.tgz",
      "integrity": "sha512-DFmydzH7fHMRlFC82dVbIcPugN8eq83B/t2Zjy3HRLnQWMQXhFvZNiv9NNinT3ccjzGeFKo/V3+N9/tGc98sGQ==",
      "cpu": [
        "x64"
      ],
      "libc": [
        "glibc"
      ],
      "optional": true,
      "os": [
        "linux"
      ]
    },
    "node_modules/@yuku-parser/binding-linux-x64-musl": {
      "version": "0.5.38",
      "resolved": "https://registry.npmjs.org/@yuku-parser/binding-linux-x64-musl/-/binding-linux-x64-musl-0.5.38.tgz",
      "integrity": "sha512-PTwAGbC5I5Fj6VI38HtI4C3BDrNgpXZdtcK9Um3i/2Tv2R1AintQhIDMyl5ir6NI7AweWl83sHAkO9xAG7cEEw==",
      "cpu": [
        "x64"
      ],
      "libc": [
        "musl"
      ],
      "optional": true,
      "os": [
        "linux"
      ]
    },
    "node_modules/@yuku-parser/binding-win32-arm64": {
      "version": "0.5.38",
      "resolved": "https://registry.npmjs.org/@yuku-parser/binding-win32-arm64/-/binding-win32-arm64-0.5.38.tgz",
      "integrity": "sha512-3gxfBDo1G70Y1q2Ec8lAYQ2+BV3bA9i74lovmIVRmv6C55aiXfBzrJHwSvsBU/Js1r0MtzT13vdxUdx83BPsuw==",
      "cpu": [
        "arm64"
      ],
      "optional": true,
      "os": [
        "win32"
      ]
    },
    "node_modules/@yuku-parser/binding-win32-x64": {
      "version": "0.5.38",
      "resolved": "https://registry.npmjs.org/@yuku-parser/binding-win32-x64/-/binding-win32-x64-0.5.38.tgz",
      "integrity": "sha512-CDZz3v7M6+PyZQJjAJFkZURbDmZtaJeOTgrvDudAk5FzMemcfuTJBKZ0hYp3OI/u0va0kDsre3eCRIwg5eMVbA==",
      "cpu": [
        "x64"
      ],
      "optional": true,
      "os": [
        "win32"
      ]
    },
    "node_modules/@yuku-toolchain/types": {
      "version": "0.5.37",
      "resolved": "https://registry.npmjs.org/@yuku-toolchain/types/-/types-0.5.37.tgz",
      "integrity": "sha512-yaGadzsSgTqKXUFef9iUBP7tFXdkN+DWcZqU+MvixYajB3luC8HHCDfJZk/Dy/Hb8haAwJ3z0G9g7bjAG4nGJg==",
      "license": "MIT"
    },
    "node_modules/tslib": {
      "version": "2.8.1",
      "resolved": "https://registry.npmjs.org/tslib/-/tslib-2.8.1.tgz",
      "integrity": "sha512-oJFu94HQb+KVduSUQL7wnpmqnfmLsOA/nAh6b6EH0wCEoK0/mPeXU6c3wKDV83MkOuHPRHtSXKKU99IBazS/2w==",
      "dev": true,
      "license": "0BSD",
      "optional": true
    },
    "node_modules/typescript": {
      "version": "6.0.3",
      "resolved": "https://registry.npmjs.org/typescript/-/typescript-6.0.3.tgz",
      "integrity": "sha512-y2TvuxSZPDyQakkFRPZHKFm+KKVqIisdg9/CZwm9ftvKXLP8NRWj38/ODjNbr43SsoXqNuAisEf1GdCxqWcdBw==",
      "dev": true,
      "license": "Apache-2.0",
      "bin": {
        "tsc": "bin/tsc",
        "tsserver": "bin/tsserver"
      },
      "engines": {
        "node": ">=14.17"
      }
    },
    "node_modules/undici-types": {
      "version": "6.21.0",
      "resolved": "https://registry.npmjs.org/undici-types/-/undici-types-6.21.0.tgz",
      "integrity": "sha512-iwDZqg0QAGrg9Rav5H4n0M64c3mkR59cJ6wQp+7C4nI0gsmExaedaYLNO44eT4AtBBwjbTiGPMlt2Md0T9H9JQ==",
      "dev": true,
      "license": "MIT"
    },
    "node_modules/yuku-codegen": {
      "version": "0.5.38",
      "resolved": "https://registry.npmjs.org/yuku-codegen/-/yuku-codegen-0.5.38.tgz",
      "integrity": "sha512-oaWapF6EiMec8UndXkxVrHiYrDhKEywNTKLoYHLBkbIOxopKd9jBKpLOiYu89NNszuuglGkpQ1z+iuGWYytLPQ==",
      "license": "MIT",
      "dependencies": {
        "@yuku-toolchain/types": "0.5.37"
      },
      "optionalDependencies": {
        "@yuku-codegen/binding-darwin-arm64": "0.5.38",
        "@yuku-codegen/binding-darwin-x64": "0.5.38",
        "@yuku-codegen/binding-freebsd-x64": "0.5.38",
        "@yuku-codegen/binding-linux-arm-gnu": "0.5.38",
        "@yuku-codegen/binding-linux-arm-musl": "0.5.38",
        "@yuku-codegen/binding-linux-arm64-gnu": "0.5.38",
        "@yuku-codegen/binding-linux-arm64-musl": "0.5.38",
        "@yuku-codegen/binding-linux-x64-gnu": "0.5.38",
        "@yuku-codegen/binding-linux-x64-musl": "0.5.38",
        "@yuku-codegen/binding-win32-arm64": "0.5.38",
        "@yuku-codegen/binding-win32-x64": "0.5.38"
      }
    },
    "node_modules/yuku-parser": {
      "version": "0.5.38",
      "resolved": "https://registry.npmjs.org/yuku-parser/-/yuku-parser-0.5.38.tgz",
      "integrity": "sha512-u2+4Vv948JFl+AiXWcKNoagrmZDL1jSvwBuRDoZq4pMTO/ZYJZp3lI2PuIXcLW1eL9eGxvBNvB+X5NgWgoFb0A==",
      "license": "MIT",
      "dependencies": {
        "@yuku-toolchain/types": "0.5.37"
      },
      "optionalDependencies": {
        "@yuku-parser/binding-darwin-arm64": "0.5.38",
        "@yuku-parser/binding-darwin-x64": "0.5.38",
        "@yuku-parser/binding-freebsd-x64": "0.5.38",
        "@yuku-parser/binding-linux-arm-gnu": "0.5.38",
        "@yuku-parser/binding-linux-arm-musl": "0.5.38",
        "@yuku-parser/binding-linux-arm64-gnu": "0.5.38",
        "@yuku-parser/binding-linux-arm64-musl": "0.5.38",
        "@yuku-parser/binding-linux-x64-gnu": "0.5.38",
        "@yuku-parser/binding-linux-x64-musl": "0.5.38",
        "@yuku-parser/binding-win32-arm64": "0.5.38",
        "@yuku-parser/binding-win32-x64": "0.5.38"
      }
    }
  }
}
